
Microsoft Visual Studio Solution File, Format Version 12.00
# Visual Studio 15
VisualStudioVersion = 15.0.35213.121
MinimumVisualStudioVersion = 10.0.40219.1
Project("{FAE04EC0-301F-11D3-BF4B-00C04F79EFBC}") = "AdamAsmaca2", "AdamAsmaca2\AdamAsmaca2.csproj", "{FC040986-5FFF-4641-B6C4-1DA45941F179}"
EndProject
Global
	GlobalSection(SolutionConfigurationPlatforms) = preSolution
		Debug|Any CPU = Debug|Any CPU
		Release|Any CPU = Release|Any CPU
	EndGlobalSection
	GlobalSection(ProjectConfigurationPlatforms) = postSolution
		{FC040986-5FFF-4641-B6C4-1DA45941F179}.Debug|Any CPU.ActiveCfg = Debug|Any CPU
		{FC040986-5FFF-4641-B6C4-1DA45941F179}.Debug|Any CPU.Build.0 = Debug|Any CPU
		{FC040986-5FFF-4641-B6C4-1DA45941F179}.Release|Any CPU.ActiveCfg = Release|Any CPU
		{FC040986-5FFF-4641-B6C4-1DA45941F179}.Release|Any CPU.Build.0 = Release|Any CPU
	EndGlobalSection
	GlobalSection(SolutionProperties) = preSolution
		HideSolutionNode = FALSE
	EndGlobalSection
	GlobalSection(ExtensibilityGlobals) = postSolution
		SolutionGuid = {74189AF0-32DF-4320-B6C8-C91EF4D3B36F}
	EndGlobalSection
EndGlobal
